
Microsoft Visual Studio Solution File, Format Version 12.00
# Visual Studio Version 16
VisualStudioVersion = 16.0.33214.272
MinimumVisualStudioVersion = 10.0.40219.1
Project("{FAE04EC0-301F-11D3-BF4B-00C04F79EFBC}") = "Mission06_ea11160", "Mission06_ea11160.csproj", "{1FF0C179-430D-441F-BE48-18795FBC7DC1}"
EndProject
Global
	GlobalSection(SolutionConfigurationPlatforms) = preSolution
		Debug|Any CPU = Debug|Any CPU
		Release|Any CPU = Release|Any CPU
	EndGlobalSection
	GlobalSection(ProjectConfigurationPlatforms) = postSolution
		{1FF0C179-430D-441F-BE48-18795FBC7DC1}.Debug|Any CPU.ActiveCfg = Debug|Any CPU
		{1FF0C179-430D-441F-BE48-18795FBC7DC1}.Debug|Any CPU.Build.0 = Debug|Any CPU
		{1FF0C179-430D-441F-BE48-18795FBC7DC1}.Release|Any CPU.ActiveCfg = Release|Any CPU
		{1FF0C179-430D-441F-BE48-18795FBC7DC1}.Release|Any CPU.Build.0 = Release|Any CPU
	EndGlobalSection
	GlobalSection(SolutionProperties) = preSolution
		HideSolutionNode = FALSE
	EndGlobalSection
	GlobalSection(ExtensibilityGlobals) = postSolution
		SolutionGuid = {E4B6C077-655B-4D08-9D59-5BF24F7C05AE}
	EndGlobalSection
EndGlobal
